
Microsoft Visual Studio Solution File, Format Version 12.00
# Visual Studio Version 17
VisualStudioVersion = 17.4.33213.308
MinimumVisualStudioVersion = 10.0.40219.1
Project("{FAE04EC0-301F-11D3-BF4B-00C04F79EFBC}") = "MotoGPPractice", "MotoGPPractice\MotoGPPractice.csproj", "{CF199CF2-0E14-4FF7-A5D5-904961185847}"
EndProject
Global
	GlobalSection(SolutionConfigurationPlatforms) = preSolution
		Debug|Any CPU = Debug|Any CPU
		Release|Any CPU = Release|Any CPU
	EndGlobalSection
	GlobalSection(ProjectConfigurationPlatforms) = postSolution
		{CF199CF2-0E14-4FF7-A5D5-904961185847}.Debug|Any CPU.ActiveCfg = Debug|Any CPU
		{CF199CF2-0E14-4FF7-A5D5-904961185847}.Debug|Any CPU.Build.0 = Debug|Any CPU
		{CF199CF2-0E14-4FF7-A5D5-904961185847}.Release|Any CPU.ActiveCfg = Release|Any CPU
		{CF199CF2-0E14-4FF7-A5D5-904961185847}.Release|Any CPU.Build.0 = Release|Any CPU
	EndGlobalSection
	GlobalSection(SolutionProperties) = preSolution
		HideSolutionNode = FALSE
	EndGlobalSection
	GlobalSection(ExtensibilityGlobals) = postSolution
		SolutionGuid = {834CA212-2159-4E6D-8527-5328CA0B4DB0}
	EndGlobalSection
EndGlobal
