
Microsoft Visual Studio Solution File, Format Version 12.00
# Visual Studio Version 17
VisualStudioVersion = 17.1.32210.238
MinimumVisualStudioVersion = 10.0.40219.1
Project("{FAE04EC0-301F-11D3-BF4B-00C04F79EFBC}") = "Bank", "Bank.csproj", "{7D3A3D14-791E-451E-883C-4593B19551D5}"
EndProject
Project("{FAE04EC0-301F-11D3-BF4B-00C04F79EFBC}") = "BankTest", "..\BankTest\BankTest.csproj", "{66F96CCD-DC70-4EB9-8683-A92E41DCF0F1}"
EndProject
Global
	GlobalSection(SolutionConfigurationPlatforms) = preSolution
		Debug|Any CPU = Debug|Any CPU
		Release|Any CPU = Release|Any CPU
	EndGlobalSection
	GlobalSection(ProjectConfigurationPlatforms) = postSolution
		{7D3A3D14-791E-451E-883C-4593B19551D5}.Debug|Any CPU.ActiveCfg = Debug|Any CPU
		{7D3A3D14-791E-451E-883C-4593B19551D5}.Debug|Any CPU.Build.0 = Debug|Any CPU
		{7D3A3D14-791E-451E-883C-4593B19551D5}.Release|Any CPU.ActiveCfg = Release|Any CPU
		{7D3A3D14-791E-451E-883C-4593B19551D5}.Release|Any CPU.Build.0 = Release|Any CPU
		{66F96CCD-DC70-4EB9-8683-A92E41DCF0F1}.Debug|Any CPU.ActiveCfg = Debug|Any CPU
		{66F96CCD-DC70-4EB9-8683-A92E41DCF0F1}.Debug|Any CPU.Build.0 = Debug|Any CPU
		{66F96CCD-DC70-4EB9-8683-A92E41DCF0F1}.Release|Any CPU.ActiveCfg = Release|Any CPU
		{66F96CCD-DC70-4EB9-8683-A92E41DCF0F1}.Release|Any CPU.Build.0 = Release|Any CPU
	EndGlobalSection
	GlobalSection(SolutionProperties) = preSolution
		HideSolutionNode = FALSE
	EndGlobalSection
	GlobalSection(ExtensibilityGlobals) = postSolution
		SolutionGuid = {EE4437A5-3EAB-4492-BB0C-69AFDEDEE2CA}
	EndGlobalSection
EndGlobal
