
Microsoft Visual Studio Solution File, Format Version 12.00
# Visual Studio Version 17
VisualStudioVersion = 17.4.33213.308
MinimumVisualStudioVersion = 10.0.40219.1
Project("{FAE04EC0-301F-11D3-BF4B-00C04F79EFBC}") = "Shop.API", "Shop.API\Shop.API.csproj", "{F02DFEC8-0312-4DDA-AE8F-E0E3F77A0B01}"
EndProject
Project("{FAE04EC0-301F-11D3-BF4B-00C04F79EFBC}") = "Shop.DAL", "Shop.DAL\Shop.DAL.csproj", "{7894192A-26B1-48B7-866A-6C6FC46D2481}"
EndProject
Global
	GlobalSection(SolutionConfigurationPlatforms) = preSolution
		Debug|Any CPU = Debug|Any CPU
		Release|Any CPU = Release|Any CPU
	EndGlobalSection
	GlobalSection(ProjectConfigurationPlatforms) = postSolution
		{F02DFEC8-0312-4DDA-AE8F-E0E3F77A0B01}.Debug|Any CPU.ActiveCfg = Debug|Any CPU
		{F02DFEC8-0312-4DDA-AE8F-E0E3F77A0B01}.Debug|Any CPU.Build.0 = Debug|Any CPU
		{F02DFEC8-0312-4DDA-AE8F-E0E3F77A0B01}.Release|Any CPU.ActiveCfg = Release|Any CPU
		{F02DFEC8-0312-4DDA-AE8F-E0E3F77A0B01}.Release|Any CPU.Build.0 = Release|Any CPU
		{7894192A-26B1-48B7-866A-6C6FC46D2481}.Debug|Any CPU.ActiveCfg = Debug|Any CPU
		{7894192A-26B1-48B7-866A-6C6FC46D2481}.Debug|Any CPU.Build.0 = Debug|Any CPU
		{7894192A-26B1-48B7-866A-6C6FC46D2481}.Release|Any CPU.ActiveCfg = Release|Any CPU
		{7894192A-26B1-48B7-866A-6C6FC46D2481}.Release|Any CPU.Build.0 = Release|Any CPU
	EndGlobalSection
	GlobalSection(SolutionProperties) = preSolution
		HideSolutionNode = FALSE
	EndGlobalSection
	GlobalSection(ExtensibilityGlobals) = postSolution
		SolutionGuid = {DAE92EC6-2C72-47DA-BBF7-B33866965455}
	EndGlobalSection
EndGlobal
