
Microsoft Visual Studio Solution File, Format Version 12.00
# Visual Studio Version 17
VisualStudioVersion = 17.1.32210.238
MinimumVisualStudioVersion = 10.0.40219.1
Project("{FAE04EC0-301F-11D3-BF4B-00C04F79EFBC}") = "Shop.APIPractice", "Shop.APIPractice.csproj", "{EFE21E8F-F476-47B2-94E3-049BED3FDE67}"
EndProject
Global
	GlobalSection(SolutionConfigurationPlatforms) = preSolution
		Debug|Any CPU = Debug|Any CPU
		Release|Any CPU = Release|Any CPU
	EndGlobalSection
	GlobalSection(ProjectConfigurationPlatforms) = postSolution
		{EFE21E8F-F476-47B2-94E3-049BED3FDE67}.Debug|Any CPU.ActiveCfg = Debug|Any CPU
		{EFE21E8F-F476-47B2-94E3-049BED3FDE67}.Debug|Any CPU.Build.0 = Debug|Any CPU
		{EFE21E8F-F476-47B2-94E3-049BED3FDE67}.Release|Any CPU.ActiveCfg = Release|Any CPU
		{EFE21E8F-F476-47B2-94E3-049BED3FDE67}.Release|Any CPU.Build.0 = Release|Any CPU
	EndGlobalSection
	GlobalSection(SolutionProperties) = preSolution
		HideSolutionNode = FALSE
	EndGlobalSection
	GlobalSection(ExtensibilityGlobals) = postSolution
		SolutionGuid = {AF50EBE3-12EA-4DD7-AFF3-AE4AA5106AFC}
	EndGlobalSection
EndGlobal
