
Microsoft Visual Studio Solution File, Format Version 12.00
# Visual Studio Version 17
VisualStudioVersion = 17.4.33213.308
MinimumVisualStudioVersion = 10.0.40219.1
Project("{FAE04EC0-301F-11D3-BF4B-00C04F79EFBC}") = "MyShop.Tests", "MyShop.Tests\MyShop.Tests.csproj", "{1BB3A251-B351-40BA-A572-4149C2C69C44}"
EndProject
Global
	GlobalSection(SolutionConfigurationPlatforms) = preSolution
		Debug|Any CPU = Debug|Any CPU
		Release|Any CPU = Release|Any CPU
	EndGlobalSection
	GlobalSection(ProjectConfigurationPlatforms) = postSolution
		{1BB3A251-B351-40BA-A572-4149C2C69C44}.Debug|Any CPU.ActiveCfg = Debug|Any CPU
		{1BB3A251-B351-40BA-A572-4149C2C69C44}.Debug|Any CPU.Build.0 = Debug|Any CPU
		{1BB3A251-B351-40BA-A572-4149C2C69C44}.Release|Any CPU.ActiveCfg = Release|Any CPU
		{1BB3A251-B351-40BA-A572-4149C2C69C44}.Release|Any CPU.Build.0 = Release|Any CPU
	EndGlobalSection
	GlobalSection(SolutionProperties) = preSolution
		HideSolutionNode = FALSE
	EndGlobalSection
	GlobalSection(ExtensibilityGlobals) = postSolution
		SolutionGuid = {B20A219B-F11C-4A74-A751-4D6FBE8847C4}
	EndGlobalSection
EndGlobal
