
Microsoft Visual Studio Solution File, Format Version 12.00
# Visual Studio Version 17
VisualStudioVersion = 17.4.33213.308
MinimumVisualStudioVersion = 10.0.40219.1
Project("{9A19103F-16F7-4668-BE54-9A1E7A4F7556}") = "BankPractice", "BankPractice\BankPractice.csproj", "{0D5F837C-4D40-4AC9-B28C-EBB9BD7F75D2}"
EndProject
Project("{FAE04EC0-301F-11D3-BF4B-00C04F79EFBC}") = "BankPracticeTest", "BankPracticeTest\BankPracticeTest.csproj", "{FD31AF28-C244-4CC5-ABE6-ABA0F45B491D}"
EndProject
Global
	GlobalSection(SolutionConfigurationPlatforms) = preSolution
		Debug|Any CPU = Debug|Any CPU
		Release|Any CPU = Release|Any CPU
	EndGlobalSection
	GlobalSection(ProjectConfigurationPlatforms) = postSolution
		{0D5F837C-4D40-4AC9-B28C-EBB9BD7F75D2}.Debug|Any CPU.ActiveCfg = Debug|Any CPU
		{0D5F837C-4D40-4AC9-B28C-EBB9BD7F75D2}.Debug|Any CPU.Build.0 = Debug|Any CPU
		{0D5F837C-4D40-4AC9-B28C-EBB9BD7F75D2}.Release|Any CPU.ActiveCfg = Release|Any CPU
		{0D5F837C-4D40-4AC9-B28C-EBB9BD7F75D2}.Release|Any CPU.Build.0 = Release|Any CPU
		{FD31AF28-C244-4CC5-ABE6-ABA0F45B491D}.Debug|Any CPU.ActiveCfg = Debug|Any CPU
		{FD31AF28-C244-4CC5-ABE6-ABA0F45B491D}.Debug|Any CPU.Build.0 = Debug|Any CPU
		{FD31AF28-C244-4CC5-ABE6-ABA0F45B491D}.Release|Any CPU.ActiveCfg = Release|Any CPU
		{FD31AF28-C244-4CC5-ABE6-ABA0F45B491D}.Release|Any CPU.Build.0 = Release|Any CPU
	EndGlobalSection
	GlobalSection(SolutionProperties) = preSolution
		HideSolutionNode = FALSE
	EndGlobalSection
	GlobalSection(ExtensibilityGlobals) = postSolution
		SolutionGuid = {C9557198-B423-4B66-9E6D-510BF65F113F}
	EndGlobalSection
EndGlobal
