
Microsoft Visual Studio Solution File, Format Version 12.00
# Visual Studio Version 17
VisualStudioVersion = 17.1.32210.238
MinimumVisualStudioVersion = 10.0.40219.1
Project("{FAE04EC0-301F-11D3-BF4B-00C04F79EFBC}") = "ContosoUniversity", "ContosoUniversity.csproj", "{3613BA85-75B7-4D29-88D1-D7F62CE6B2CF}"
EndProject
Global
	GlobalSection(SolutionConfigurationPlatforms) = preSolution
		Debug|Any CPU = Debug|Any CPU
		Release|Any CPU = Release|Any CPU
	EndGlobalSection
	GlobalSection(ProjectConfigurationPlatforms) = postSolution
		{3613BA85-75B7-4D29-88D1-D7F62CE6B2CF}.Debug|Any CPU.ActiveCfg = Debug|Any CPU
		{3613BA85-75B7-4D29-88D1-D7F62CE6B2CF}.Debug|Any CPU.Build.0 = Debug|Any CPU
		{3613BA85-75B7-4D29-88D1-D7F62CE6B2CF}.Release|Any CPU.ActiveCfg = Release|Any CPU
		{3613BA85-75B7-4D29-88D1-D7F62CE6B2CF}.Release|Any CPU.Build.0 = Release|Any CPU
	EndGlobalSection
	GlobalSection(SolutionProperties) = preSolution
		HideSolutionNode = FALSE
	EndGlobalSection
	GlobalSection(ExtensibilityGlobals) = postSolution
		SolutionGuid = {8071BBFF-E251-4109-8A04-C6029CF88BFA}
	EndGlobalSection
EndGlobal
